
Microsoft Visual Studio Solution File, Format Version 12.00
# Visual Studio Version 17
VisualStudioVersion = 17.8.34330.188
MinimumVisualStudioVersion = 10.0.40219.1
Project("{FAE04EC0-301F-11D3-BF4B-00C04F79EFBC}") = "Exam 02", "Exam 02.csproj", "{38E84FF8-9CAE-4B70-A9F8-C7BB12F05560}"
EndProject
Global
	GlobalSection(SolutionConfigurationPlatforms) = preSolution
		Debug|Any CPU = Debug|Any CPU
		Release|Any CPU = Release|Any CPU
	EndGlobalSection
	GlobalSection(ProjectConfigurationPlatforms) = postSolution
		{38E84FF8-9CAE-4B70-A9F8-C7BB12F05560}.Debug|Any CPU.ActiveCfg = Debug|Any CPU
		{38E84FF8-9CAE-4B70-A9F8-C7BB12F05560}.Debug|Any CPU.Build.0 = Debug|Any CPU
		{38E84FF8-9CAE-4B70-A9F8-C7BB12F05560}.Release|Any CPU.ActiveCfg = Release|Any CPU
		{38E84FF8-9CAE-4B70-A9F8-C7BB12F05560}.Release|Any CPU.Build.0 = Release|Any CPU
	EndGlobalSection
	GlobalSection(SolutionProperties) = preSolution
		HideSolutionNode = FALSE
	EndGlobalSection
	GlobalSection(ExtensibilityGlobals) = postSolution
		SolutionGuid = {44E4960E-8386-43AB-BFF3-6CDF9391611E}
	EndGlobalSection
EndGlobal
